// !$*UTF8*$!
{
	archiveVersion = 1;
	classes = {
	};
	objectVersion = 55;
	objects = {

/* Begin PBXBuildFile section */
		8E115C96274B7DB600E579AD /* Alamofire in Frameworks */ = {isa = PBXBuildFile; productRef = 8E115C95274B7DB600E579AD /* Alamofire */; };
		8E115C9B274B81A200E579AD /* Product.swift in Sources */ = {isa = PBXBuildFile; fileRef = 8E115C9A274B81A200E579AD /* Product.swift */; };
		8E115C9D274B960200E579AD /* GlobalObject.swift in Sources */ = {isa = PBXBuildFile; fileRef = 8E115C9C274B960200E579AD /* GlobalObject.swift */; };
		8E115CA0274B9CBB00E579AD /* Kingfisher in Frameworks */ = {isa = PBXBuildFile; productRef = 8E115C9F274B9CBB00E579AD /* Kingfisher */; };
		8E115CA2274B9CD200E579AD /* ImageExtension.swift in Sources */ = {isa = PBXBuildFile; fileRef = 8E115CA1274B9CD200E579AD /* ImageExtension.swift */; };
		8E67570E274B72830076E2B2 /* SelfProjectLatihanApp.swift in Sources */ = {isa = PBXBuildFile; fileRef = 8E67570D274B72830076E2B2 /* SelfProjectLatihanApp.swift */; };
		8E675710274B72830076E2B2 /* ContentView.swift in Sources */ = {isa = PBXBuildFile; fileRef = 8E67570F274B72830076E2B2 /* ContentView.swift */; };
		8E675712274B72860076E2B2 /* Assets.xcassets in Resources */ = {isa = PBXBuildFile; fileRef = 8E675711274B72860076E2B2 /* Assets.xcassets */; };
		8E675715274B72860076E2B2 /* Preview Assets.xcassets in Resources */ = {isa = PBXBuildFile; fileRef = 8E675714274B72860076E2B2 /* Preview Assets.xcassets */; };
/* End PBXBuildFile section */

/* Begin PBXFileReference section */
		8E115C9A274B81A200E579AD /* Product.swift */ = {isa = PBXFileReference; lastKnownFileType = sourcecode.swift; path = Product.swift; sourceTree = "<group>"; };
		8E115C9C274B960200E579AD /* GlobalObject.swift */ = {isa = PBXFileReference; lastKnownFileType = sourcecode.swift; path = GlobalObject.swift; sourceTree = "<group>"; };
		8E115CA1274B9CD200E579AD /* ImageExtension.swift */ = {isa = PBXFileReference; lastKnownFileType = sourcecode.swift; path = ImageExtension.swift; sourceTree = "<group>"; };
		8E67570A274B72830076E2B2 /* SelfProjectLatihan.app */ = {isa = PBXFileReference; explicitFileType = wrapper.application; includeInIndex = 0; path = SelfProjectLatihan.app; sourceTree = BUILT_PRODUCTS_DIR; };
		8E67570D274B72830076E2B2 /* SelfProjectLatihanApp.swift */ = {isa = PBXFileReference; lastKnownFileType = sourcecode.swift; path = SelfProjectLatihanApp.swift; sourceTree = "<group>"; };
		8E67570F274B72830076E2B2 /* ContentView.swift */ = {isa = PBXFileReference; lastKnownFileType = sourcecode.swift; path = ContentView.swift; sourceTree = "<group>"; };
		8E675711274B72860076E2B2 /* Assets.xcassets */ = {isa = PBXFileReference; lastKnownFileType = folder.assetcatalog; path = Assets.xcassets; sourceTree = "<group>"; };
		8E675714274B72860076E2B2 /* Preview Assets.xcassets */ = {isa = PBXFileReference; lastKnownFileType = folder.assetcatalog; path = "Preview Assets.xcassets"; sourceTree = "<group>"; };
/* End PBXFileReference section */

/* Begin PBXFrameworksBuildPhase section */
		8E675707274B72830076E2B2 /* Frameworks */ = {
			isa = PBXFrameworksBuildPhase;
			buildActionMask = 2147483647;
			files = (
				8E115CA0274B9CBB00E579AD /* Kingfisher in Frameworks */,
				8E115C96274B7DB600E579AD /* Alamofire in Frameworks */,
			);
			runOnlyForDeploymentPostprocessing = 0;
		};
/* End PBXFrameworksBuildPhase section */

/* Begin PBXGroup section */
		8E675701274B72830076E2B2 = {
			isa = PBXGroup;
			children = (
				8E67570C274B72830076E2B2 /* SelfProjectLatihan */,
				8E67570B274B72830076E2B2 /* Products */,
			);
			sourceTree = "<group>";
		};
		8E67570B274B72830076E2B2 /* Products */ = {
			isa = PBXGroup;
			children = (
				8E67570A274B72830076E2B2 /* SelfProjectLatihan.app */,
			);
			name = Products;
			sourceTree = "<group>";
		};
		8E67570C274B72830076E2B2 /* SelfProjectLatihan */ = {
			isa = PBXGroup;
			children = (
				8E67570D274B72830076E2B2 /* SelfProjectLatihanApp.swift */,
				8E67570F274B72830076E2B2 /* ContentView.swift */,
				8E675711274B72860076E2B2 /* Assets.xcassets */,
				8E675713274B72860076E2B2 /* Preview Content */,
				8E115C9A274B81A200E579AD /* Product.swift */,
				8E115C9C274B960200E579AD /* GlobalObject.swift */,
				8E115CA1274B9CD200E579AD /* ImageExtension.swift */,
			);
			path = SelfProjectLatihan;
			sourceTree = "<group>";
		};
		8E675713274B72860076E2B2 /* Preview Content */ = {
			isa = PBXGroup;
			children = (
				8E675714274B72860076E2B2 /* Preview Assets.xcassets */,
			);
			path = "Preview Content";
			sourceTree = "<group>";
		};
/* End PBXGroup section */

/* Begin PBXNativeTarget section */
		8E675709274B72830076E2B2 /* SelfProjectLatihan */ = {
			isa = PBXNativeTarget;
			buildConfigurationList = 8E675718274B72860076E2B2 /* Build configuration list for PBXNativeTarget "SelfProjectLatihan" */;
			buildPhases = (
				8E675706274B72830076E2B2 /* Sources */,
				8E675707274B72830076E2B2 /* Frameworks */,
				8E675708274B72830076E2B2 /* Resources */,
			);
			buildRules = (
			);
			dependencies = (
			);
			name = SelfProjectLatihan;
			packageProductDependencies = (
				8E115C95274B7DB600E579AD /* Alamofire */,
				8E115C9F274B9CBB00E579AD /* Kingfisher */,
			);
			productName = SelfProjectLatihan;
			productReference = 8E67570A274B72830076E2B2 /* SelfProjectLatihan.app */;
			productType = "com.apple.product-type.application";
		};
/* End PBXNativeTarget section */

/* Begin PBXProject section */
		8E675702274B72830076E2B2 /* Project object */ = {
			isa = PBXProject;
			attributes = {
				BuildIndependentTargetsInParallel = 1;
				LastSwiftUpdateCheck = 1310;
				LastUpgradeCheck = 1310;
				TargetAttributes = {
					8E675709274B72830076E2B2 = {
						CreatedOnToolsVersion = 13.1;
					};
				};
			};
			buildConfigurationList = 8E675705274B72830076E2B2 /* Build configuration list for PBXProject "SelfProjectLatihan" */;
			compatibilityVersion = "Xcode 13.0";
			developmentRegion = en;
			hasScannedForEncodings = 0;
			knownRegions = (
				en,
				Base,
			);
			mainGroup = 8E675701274B72830076E2B2;
			packageReferences = (
				8E115C94274B7DB600E579AD /* XCRemoteSwiftPackageReference "Alamofire" */,
				8E115C9E274B9CBB00E579AD /* XCRemoteSwiftPackageReference "Kingfisher" */,
			);
			productRefGroup = 8E67570B274B72830076E2B2 /* Products */;
			projectDirPath = "";
			projectRoot = "";
			targets = (
				8E675709274B72830076E2B2 /* SelfProjectLatihan */,
			);
		};
/* End PBXProject section */

/* Begin PBXResourcesBuildPhase section */
		8E675708274B72830076E2B2 /* Resources */ = {
			isa = PBXResourcesBuildPhase;
			buildActionMask = 2147483647;
			files = (
				8E675715274B72860076E2B2 /* Preview Assets.xcassets in Resources */,
				8E675712274B72860076E2B2 /* Assets.xcassets in Resources */,
			);
			runOnlyForDeploymentPostprocessing = 0;
		};
/* End PBXResourcesBuildPhase section */

/* Begin PBXSourcesBuildPhase section */
		8E675706274B72830076E2B2 /* Sources */ = {
			isa = PBXSourcesBuildPhase;
			buildActionMask = 2147483647;
			files = (
				8E675710274B72830076E2B2 /* ContentView.swift in Sources */,
				8E115C9D274B960200E579AD /* GlobalObject.swift in Sources */,
				8E67570E274B72830076E2B2 /* SelfProjectLatihanApp.swift in Sources */,
				8E115CA2274B9CD200E579AD /* ImageExtension.swift in Sources */,
				8E115C9B274B81A200E579AD /* Product.swift in Sources */,
			);
			runOnlyForDeploymentPostprocessing = 0;
		};
/* End PBXSourcesBuildPhase section */

/* Begin XCBuildConfiguration section */
		8E675716274B72860076E2B2 /* Debug */ = {
			isa = XCBuildConfiguration;
			buildSettings = {
				ALWAYS_SEARCH_USER_PATHS = NO;
				CLANG_ANALYZER_NONNULL = YES;
				CLANG_ANALYZER_NUMBER_OBJECT_CONVERSION = YES_AGGRESSIVE;
				CLANG_CXX_LANGUAGE_STANDARD = "gnu++17";
				CLANG_CXX_LIBRARY = "libc++";
				CLANG_ENABLE_MODULES = YES;
				CLANG_ENABLE_OBJC_ARC = YES;
				CLANG_ENABLE_OBJC_WEAK = YES;
				CLANG_WARN_BLOCK_CAPTURE_AUTORELEASING = YES;
				CLANG_WARN_BOOL_CONVERSION = YES;
				CLANG_WARN_COMMA = YES;
				CLANG_WARN_CONSTANT_CONVERSION = YES;
				CLANG_WARN_DEPRECATED_OBJC_IMPLEMENTATIONS = YES;
				CLANG_WARN_DIRECT_OBJC_ISA_USAGE = YES_ERROR;
				CLANG_WARN_DOCUMENTATION_COMMENTS = YES;
				CLANG_WARN_EMPTY_BODY = YES;
				CLANG_WARN_ENUM_CONVERSION = YES;
				CLANG_WARN_INFINITE_RECURSION = YES;
				CLANG_WARN_INT_CONVERSION = YES;
				CLANG_WARN_NON_LITERAL_NULL_CONVERSION = YES;
				CLANG_WARN_OBJC_IMPLICIT_RETAIN_SELF = YES;
				CLANG_WARN_OBJC_LITERAL_CONVERSION = YES;
				CLANG_WARN_OBJC_ROOT_CLASS = YES_ERROR;
				CLANG_WARN_QUOTED_INCLUDE_IN_FRAMEWORK_HEADER = YES;
				CLANG_WARN_RANGE_LOOP_ANALYSIS = YES;
				CLANG_WARN_STRICT_PROTOTYPES = YES;
				CLANG_WARN_SUSPICIOUS_MOVE = YES;
				CLANG_WARN_UNGUARDED_AVAILABILITY = YES_AGGRESSIVE;
				CLANG_WARN_UNREACHABLE_CODE = YES;
				CLANG_WARN__DUPLICATE_METHOD_MATCH = YES;
				COPY_PHASE_STRIP = NO;
				DEBUG_INFORMATION_FORMAT = dwarf;
				ENABLE_STRICT_OBJC_MSGSEND = YES;
				ENABLE_TESTABILITY = YES;
				GCC_C_LANGUAGE_STANDARD = gnu11;
				GCC_DYNAMIC_NO_PIC = NO;
				GCC_NO_COMMON_BLOCKS = YES;
				GCC_OPTIMIZATION_LEVEL = 0;
				GCC_PREPROCESSOR_DEFINITIONS = (
					"DEBUG=1",
					"$(inherited)",
				);
				GCC_WARN_64_TO_32_BIT_CONVERSION = YES;
				GCC_WARN_ABOUT_RETURN_TYPE = YES_ERROR;
				GCC_WARN_UNDECLARED_SELECTOR = YES;
				GCC_WARN_UNINITIALIZED_AUTOS = YES_AGGRESSIVE;
				GCC_WARN_UNUSED_FUNCTION = YES;
				GCC_WARN_UNUSED_VARIABLE = YES;
				IPHONEOS_DEPLOYMENT_TARGET = 15.0;
				MTL_ENABLE_DEBUG_INFO = INCLUDE_SOURCE;
				MTL_FAST_MATH = YES;
				ONLY_ACTIVE_ARCH = YES;
				SDKROOT = iphoneos;
				SWIFT_ACTIVE_COMPILATION_CONDITIONS = DEBUG;
				SWIFT_OPTIMIZATION_LEVEL = "-Onone";
			};
			name = Debug;
		};
		8E675717274B72860076E2B2 /* Release */ = {
			isa = XCBuildConfiguration;
			buildSettings = {
				ALWAYS_SEARCH_USER_PATHS = NO;
				CLANG_ANALYZER_NONNULL = YES;
				CLANG_ANALYZER_NUMBER_OBJECT_CONVERSION = YES_AGGRESSIVE;
				CLANG_CXX_LANGUAGE_STANDARD = "gnu++17";
				CLANG_CXX_LIBRARY = "libc++";
				CLANG_ENABLE_MODULES = YES;
				CLANG_ENABLE_OBJC_ARC = YES;
				CLANG_ENABLE_OBJC_WEAK = YES;
				CLANG_WARN_BLOCK_CAPTURE_AUTORELEASING = YES;
				CLANG_WARN_BOOL_CONVERSION = YES;
				CLANG_WARN_COMMA = YES;
				CLANG_WARN_CONSTANT_CONVERSION = YES;
				CLANG_WARN_DEPRECATED_OBJC_IMPLEMENTATIONS = YES;
				CLANG_WARN_DIRECT_OBJC_ISA_USAGE = YES_ERROR;
				CLANG_WARN_DOCUMENTATION_COMMENTS = YES;
				CLANG_WARN_EMPTY_BODY = YES;
				CLANG_WARN_ENUM_CONVERSION = YES;
				CLANG_WARN_INFINITE_RECURSION = YES;
				CLANG_WARN_INT_CONVERSION = YES;
				CLANG_WARN_NON_LITERAL_NULL_CONVERSION = YES;
				CLANG_WARN_OBJC_IMPLICIT_RETAIN_SELF = YES;
				CLANG_WARN_OBJC_LITERAL_CONVERSION = YES;
				CLANG_WARN_OBJC_ROOT_CLASS = YES_ERROR;
				CLANG_WARN_QUOTED_INCLUDE_IN_FRAMEWORK_HEADER = YES;
				CLANG_WARN_RANGE_LOOP_ANALYSIS = YES;
				CLANG_WARN_STRICT_PROTOTYPES = YES;
				CLANG_WARN_SUSPICIOUS_MOVE = YES;
				CLANG_WARN_UNGUARDED_AVAILABILITY = YES_AGGRESSIVE;
				CLANG_WARN_UNREACHABLE_CODE = YES;
				CLANG_WARN__DUPLICATE_METHOD_MATCH = YES;
				COPY_PHASE_STRIP = NO;
				DEBUG_INFORMATION_FORMAT = "dwarf-with-dsym";
				ENABLE_NS_ASSERTIONS = NO;
				ENABLE_STRICT_OBJC_MSGSEND = YES;
				GCC_C_LANGUAGE_STANDARD = gnu11;
				GCC_NO_COMMON_BLOCKS = YES;
				GCC_WARN_64_TO_32_BIT_CONVERSION = YES;
				GCC_WARN_ABOUT_RETURN_TYPE = YES_ERROR;
				GCC_WARN_UNDECLARED_SELECTOR = YES;
				GCC_WARN_UNINITIALIZED_AUTOS = YES_AGGRESSIVE;
				GCC_WARN_UNUSED_FUNCTION = YES;
				GCC_WARN_UNUSED_VARIABLE = YES;
				IPHONEOS_DEPLOYMENT_TARGET = 15.0;
				MTL_ENABLE_DEBUG_INFO = NO;
				MTL_FAST_MATH = YES;
				SDKROOT = iphoneos;
				SWIFT_COMPILATION_MODE = wholemodule;
				SWIFT_OPTIMIZATION_LEVEL = "-O";
				VALIDATE_PRODUCT = YES;
			};
			name = Release;
		};
		8E675719274B72860076E2B2 /* Debug */ = {
			isa = XCBuildConfiguration;
			buildSettings = {
				ASSETCATALOG_COMPILER_APPICON_NAME = AppIcon;
				ASSETCATALOG_COMPILER_GLOBAL_ACCENT_COLOR_NAME = AccentColor;
				CODE_SIGN_STYLE = Automatic;
				CURRENT_PROJECT_VERSION = 1;
				DEVELOPMENT_ASSET_PATHS = "\"SelfProjectLatihan/Preview Content\"";
				DEVELOPMENT_TEAM = H57NT2673S;
				ENABLE_PREVIEWS = YES;
				GENERATE_INFOPLIST_FILE = YES;
				INFOPLIST_KEY_UIApplicationSceneManifest_Generation = YES;
				INFOPLIST_KEY_UIApplicationSupportsIndirectInputEvents = YES;
				INFOPLIST_KEY_UILaunchScreen_Generation = YES;
				INFOPLIST_KEY_UISupportedInterfaceOrientations_iPad = "UIInterfaceOrientationPortrait UIInterfaceOrientationPortraitUpsideDown UIInterfaceOrientationLandscapeLeft UIInterfaceOrientationLandscapeRight";
				INFOPLIST_KEY_UISupportedInterfaceOrientations_iPhone = "UIInterfaceOrientationPortrait UIInterfaceOrientationLandscapeLeft UIInterfaceOrientationLandscapeRight";
				LD_RUNPATH_SEARCH_PATHS = (
					"$(inherited)",
					"@executable_path/Frameworks",
				);
				MARKETING_VERSION = 1.0;
				PRODUCT_BUNDLE_IDENTIFIER = com.dody.latihanUi.SelfProjectLatihan;
				PRODUCT_NAME = "$(TARGET_NAME)";
				SWIFT_EMIT_LOC_STRINGS = YES;
				SWIFT_VERSION = 5.0;
				TARGETED_DEVICE_FAMILY = "1,2";
			};
			name = Debug;
		};
		8E67571A274B72860076E2B2 /* Release */ = {
			isa = XCBuildConfiguration;
			buildSettings = {
				ASSETCATALOG_COMPILER_APPICON_NAME = AppIcon;
				ASSETCATALOG_COMPILER_GLOBAL_ACCENT_COLOR_NAME = AccentColor;
				CODE_SIGN_STYLE = Automatic;
				CURRENT_PROJECT_VERSION = 1;
				DEVELOPMENT_ASSET_PATHS = "\"SelfProjectLatihan/Preview Content\"";
				DEVELOPMENT_TEAM = H57NT2673S;
				ENABLE_PREVIEWS = YES;
				GENERATE_INFOPLIST_FILE = YES;
				INFOPLIST_KEY_UIApplicationSceneManifest_Generation = YES;
				INFOPLIST_KEY_UIApplicationSupportsIndirectInputEvents = YES;
				INFOPLIST_KEY_UILaunchScreen_Generation = YES;
				INFOPLIST_KEY_UISupportedInterfaceOrientations_iPad = "UIInterfaceOrientationPortrait UIInterfaceOrientationPortraitUpsideDown UIInterfaceOrientationLandscapeLeft UIInterfaceOrientationLandscapeRight";
				INFOPLIST_KEY_UISupportedInterfaceOrientations_iPhone = "UIInterfaceOrientationPortrait UIInterfaceOrientationLandscapeLeft UIInterfaceOrientationLandscapeRight";
				LD_RUNPATH_SEARCH_PATHS = (
					"$(inherited)",
					"@executable_path/Frameworks",
				);
				MARKETING_VERSION = 1.0;
				PRODUCT_BUNDLE_IDENTIFIER = com.dody.latihanUi.SelfProjectLatihan;
				PRODUCT_NAME = "$(TARGET_NAME)";
				SWIFT_EMIT_LOC_STRINGS = YES;
				SWIFT_VERSION = 5.0;
				TARGETED_DEVICE_FAMILY = "1,2";
			};
			name = Release;
		};
/* End XCBuildConfiguration section */

/* Begin XCConfigurationList section */
		8E675705274B72830076E2B2 /* Build configuration list for PBXProject "SelfProjectLatihan" */ = {
			isa = XCConfigurationList;
			buildConfigurations = (
				8E675716274B72860076E2B2 /* Debug */,
				8E675717274B72860076E2B2 /* Release */,
			);
			defaultConfigurationIsVisible = 0;
			defaultConfigurationName = Release;
		};
		8E675718274B72860076E2B2 /* Build configuration list for PBXNativeTarget "SelfProjectLatihan" */ = {
			isa = XCConfigurationList;
			buildConfigurations = (
				8E675719274B72860076E2B2 /* Debug */,
				8E67571A274B72860076E2B2 /* Release */,
			);
			defaultConfigurationIsVisible = 0;
			defaultConfigurationName = Release;
		};
/* End XCConfigurationList section */

/* Begin XCRemoteSwiftPackageReference section */
		8E115C94274B7DB600E579AD /* XCRemoteSwiftPackageReference "Alamofire" */ = {
			isa = XCRemoteSwiftPackageReference;
			repositoryURL = "https://github.com/Alamofire/Alamofire.git";
			requirement = {
				kind = upToNextMajorVersion;
				minimumVersion = 5.0.0;
			};
		};
		8E115C9E274B9CBB00E579AD /* XCRemoteSwiftPackageReference "Kingfisher" */ = {
			isa = XCRemoteSwiftPackageReference;
			repositoryURL = "https://github.com/onevcat/Kingfisher.git";
			requirement = {
				kind = upToNextMajorVersion;
				minimumVersion = 7.0.0;
			};
		};
/* End XCRemoteSwiftPackageReference section */

/* Begin XCSwiftPackageProductDependency section */
		8E115C95274B7DB600E579AD /* Alamofire */ = {
			isa = XCSwiftPackageProductDependency;
			package = 8E115C94274B7DB600E579AD /* XCRemoteSwiftPackageReference "Alamofire" */;
			productName = Alamofire;
		};
		8E115C9F274B9CBB00E579AD /* Kingfisher */ = {
			isa = XCSwiftPackageProductDependency;
			package = 8E115C9E274B9CBB00E579AD /* XCRemoteSwiftPackageReference "Kingfisher" */;
			productName = Kingfisher;
		};
/* End XCSwiftPackageProductDependency section */
	};
	rootObject = 8E675702274B72830076E2B2 /* Project object */;
}
